
Microsoft Visual Studio Solution File, Format Version 12.00
# Visual Studio Version 17
VisualStudioVersion = 17.6.33829.357
MinimumVisualStudioVersion = 10.0.40219.1
Project("{FAE04EC0-301F-11D3-BF4B-00C04F79EFBC}") = "Clicker game", "Clicker game.csproj", "{D94F9B6A-36BD-4112-B248-7A6383BC51B0}"
EndProject
Global
	GlobalSection(SolutionConfigurationPlatforms) = preSolution
		Debug|Any CPU = Debug|Any CPU
		Release|Any CPU = Release|Any CPU
	EndGlobalSection
	GlobalSection(ProjectConfigurationPlatforms) = postSolution
		{D94F9B6A-36BD-4112-B248-7A6383BC51B0}.Debug|Any CPU.ActiveCfg = Debug|Any CPU
		{D94F9B6A-36BD-4112-B248-7A6383BC51B0}.Debug|Any CPU.Build.0 = Debug|Any CPU
		{D94F9B6A-36BD-4112-B248-7A6383BC51B0}.Release|Any CPU.ActiveCfg = Release|Any CPU
		{D94F9B6A-36BD-4112-B248-7A6383BC51B0}.Release|Any CPU.Build.0 = Release|Any CPU
	EndGlobalSection
	GlobalSection(SolutionProperties) = preSolution
		HideSolutionNode = FALSE
	EndGlobalSection
	GlobalSection(ExtensibilityGlobals) = postSolution
		SolutionGuid = {272192C2-FA64-4730-ACEC-85E81C1849B4}
	EndGlobalSection
EndGlobal
